
Microsoft Visual Studio Solution File, Format Version 12.00
# Visual Studio Version 16
VisualStudioVersion = 16.0.35026.282
MinimumVisualStudioVersion = 10.0.40219.1
Project("{8BC9CEB8-8B4A-11D0-8D11-00A0C91BC942}") = "VEDA_B_1st_Miniproject_Segi", "VEDA_B_1st_Miniproject_Segi.vcxproj", "{71D4FCE5-F02C-4F47-B676-751311C44F54}"
EndProject
Global
	GlobalSection(SolutionConfigurationPlatforms) = preSolution
		Debug|x64 = Debug|x64
		Debug|x86 = Debug|x86
		Release|x64 = Release|x64
		Release|x86 = Release|x86
	EndGlobalSection
	GlobalSection(ProjectConfigurationPlatforms) = postSolution
		{71D4FCE5-F02C-4F47-B676-751311C44F54}.Debug|x64.ActiveCfg = Debug|x64
		{71D4FCE5-F02C-4F47-B676-751311C44F54}.Debug|x64.Build.0 = Debug|x64
		{71D4FCE5-F02C-4F47-B676-751311C44F54}.Debug|x86.ActiveCfg = Debug|Win32
		{71D4FCE5-F02C-4F47-B676-751311C44F54}.Debug|x86.Build.0 = Debug|Win32
		{71D4FCE5-F02C-4F47-B676-751311C44F54}.Release|x64.ActiveCfg = Release|x64
		{71D4FCE5-F02C-4F47-B676-751311C44F54}.Release|x64.Build.0 = Release|x64
		{71D4FCE5-F02C-4F47-B676-751311C44F54}.Release|x86.ActiveCfg = Release|Win32
		{71D4FCE5-F02C-4F47-B676-751311C44F54}.Release|x86.Build.0 = Release|Win32
	EndGlobalSection
	GlobalSection(SolutionProperties) = preSolution
		HideSolutionNode = FALSE
	EndGlobalSection
	GlobalSection(ExtensibilityGlobals) = postSolution
		SolutionGuid = {B1D426EF-668E-41B0-BF48-70FC3F9045AA}
	EndGlobalSection
EndGlobal
